
Microsoft Visual Studio Solution File, Format Version 12.00
# Visual Studio Version 16
VisualStudioVersion = 16.0.31624.102
MinimumVisualStudioVersion = 10.0.40219.1
Project("{FAE04EC0-301F-11D3-BF4B-00C04F79EFBC}") = "CalculadoraTP1", "CalculadoraTP1\CalculadoraTP1.csproj", "{14ECF5AC-F1EB-4460-9CEC-279B298433D8}"
EndProject
Project("{FAE04EC0-301F-11D3-BF4B-00C04F79EFBC}") = "Entidades", "Entidades\Entidades.csproj", "{DCC201E9-8351-493D-8B85-E658FB39841F}"
EndProject
Project("{FAE04EC0-301F-11D3-BF4B-00C04F79EFBC}") = "Calculadora", "Calculadora\Calculadora.csproj", "{3E06FC46-EF2F-4EE9-8FB0-10BADB92D308}"
EndProject
Global
	GlobalSection(SolutionConfigurationPlatforms) = preSolution
		Debug|Any CPU = Debug|Any CPU
		Release|Any CPU = Release|Any CPU
	EndGlobalSection
	GlobalSection(ProjectConfigurationPlatforms) = postSolution
		{14ECF5AC-F1EB-4460-9CEC-279B298433D8}.Debug|Any CPU.ActiveCfg = Debug|Any CPU
		{14ECF5AC-F1EB-4460-9CEC-279B298433D8}.Debug|Any CPU.Build.0 = Debug|Any CPU
		{14ECF5AC-F1EB-4460-9CEC-279B298433D8}.Release|Any CPU.ActiveCfg = Release|Any CPU
		{14ECF5AC-F1EB-4460-9CEC-279B298433D8}.Release|Any CPU.Build.0 = Release|Any CPU
		{DCC201E9-8351-493D-8B85-E658FB39841F}.Debug|Any CPU.ActiveCfg = Debug|Any CPU
		{DCC201E9-8351-493D-8B85-E658FB39841F}.Debug|Any CPU.Build.0 = Debug|Any CPU
		{DCC201E9-8351-493D-8B85-E658FB39841F}.Release|Any CPU.ActiveCfg = Release|Any CPU
		{DCC201E9-8351-493D-8B85-E658FB39841F}.Release|Any CPU.Build.0 = Release|Any CPU
		{3E06FC46-EF2F-4EE9-8FB0-10BADB92D308}.Debug|Any CPU.ActiveCfg = Debug|Any CPU
		{3E06FC46-EF2F-4EE9-8FB0-10BADB92D308}.Debug|Any CPU.Build.0 = Debug|Any CPU
		{3E06FC46-EF2F-4EE9-8FB0-10BADB92D308}.Release|Any CPU.ActiveCfg = Release|Any CPU
		{3E06FC46-EF2F-4EE9-8FB0-10BADB92D308}.Release|Any CPU.Build.0 = Release|Any CPU
	EndGlobalSection
	GlobalSection(SolutionProperties) = preSolution
		HideSolutionNode = FALSE
	EndGlobalSection
	GlobalSection(ExtensibilityGlobals) = postSolution
		SolutionGuid = {E4C8DD7F-C225-47CE-BA0D-844DAD1F896F}
	EndGlobalSection
EndGlobal
