
Microsoft Visual Studio Solution File, Format Version 12.00
# Visual Studio Version 16
VisualStudioVersion = 16.0.31624.102
MinimumVisualStudioVersion = 10.0.40219.1
Project("{9A19103F-16F7-4668-BE54-9A1E7A4F7556}") = "Calanna.Cecilia.2A.TPFinal", "Calanna.Cecilia.2A.TPFinal\Calanna.Cecilia.2A.TPFinal.csproj", "{2FE59AA4-C2FA-4903-9ECA-DD27BA3B249E}"
EndProject
Project("{9A19103F-16F7-4668-BE54-9A1E7A4F7556}") = "Consolita", "Consolita\Consolita.csproj", "{00E1E50E-729B-45D5-B201-B6EC21FA3312}"
EndProject
Project("{9A19103F-16F7-4668-BE54-9A1E7A4F7556}") = "TestProjectMarvel", "TestProjectMarvel\TestProjectMarvel.csproj", "{D22182D4-E59A-43B7-AEA6-42E3369E8FBA}"
EndProject
Project("{9A19103F-16F7-4668-BE54-9A1E7A4F7556}") = "FormularioUniverso", "FormularioUniverso\FormularioUniverso.csproj", "{FB9E064D-59C3-402B-ACEF-DF0E32375CBE}"
EndProject
Global
	GlobalSection(SolutionConfigurationPlatforms) = preSolution
		Debug|Any CPU = Debug|Any CPU
		Release|Any CPU = Release|Any CPU
	EndGlobalSection
	GlobalSection(ProjectConfigurationPlatforms) = postSolution
		{2FE59AA4-C2FA-4903-9ECA-DD27BA3B249E}.Debug|Any CPU.ActiveCfg = Debug|Any CPU
		{2FE59AA4-C2FA-4903-9ECA-DD27BA3B249E}.Debug|Any CPU.Build.0 = Debug|Any CPU
		{2FE59AA4-C2FA-4903-9ECA-DD27BA3B249E}.Release|Any CPU.ActiveCfg = Release|Any CPU
		{2FE59AA4-C2FA-4903-9ECA-DD27BA3B249E}.Release|Any CPU.Build.0 = Release|Any CPU
		{00E1E50E-729B-45D5-B201-B6EC21FA3312}.Debug|Any CPU.ActiveCfg = Debug|Any CPU
		{00E1E50E-729B-45D5-B201-B6EC21FA3312}.Debug|Any CPU.Build.0 = Debug|Any CPU
		{00E1E50E-729B-45D5-B201-B6EC21FA3312}.Release|Any CPU.ActiveCfg = Release|Any CPU
		{00E1E50E-729B-45D5-B201-B6EC21FA3312}.Release|Any CPU.Build.0 = Release|Any CPU
		{D22182D4-E59A-43B7-AEA6-42E3369E8FBA}.Debug|Any CPU.ActiveCfg = Debug|Any CPU
		{D22182D4-E59A-43B7-AEA6-42E3369E8FBA}.Debug|Any CPU.Build.0 = Debug|Any CPU
		{D22182D4-E59A-43B7-AEA6-42E3369E8FBA}.Release|Any CPU.ActiveCfg = Release|Any CPU
		{D22182D4-E59A-43B7-AEA6-42E3369E8FBA}.Release|Any CPU.Build.0 = Release|Any CPU
		{FB9E064D-59C3-402B-ACEF-DF0E32375CBE}.Debug|Any CPU.ActiveCfg = Debug|Any CPU
		{FB9E064D-59C3-402B-ACEF-DF0E32375CBE}.Debug|Any CPU.Build.0 = Debug|Any CPU
		{FB9E064D-59C3-402B-ACEF-DF0E32375CBE}.Release|Any CPU.ActiveCfg = Release|Any CPU
		{FB9E064D-59C3-402B-ACEF-DF0E32375CBE}.Release|Any CPU.Build.0 = Release|Any CPU
	EndGlobalSection
	GlobalSection(SolutionProperties) = preSolution
		HideSolutionNode = FALSE
	EndGlobalSection
	GlobalSection(ExtensibilityGlobals) = postSolution
		SolutionGuid = {DF915674-A4BB-49A5-97E1-1C54334ADB50}
	EndGlobalSection
EndGlobal
